// !$*UTF8*$!
{
	archiveVersion = 1;
	classes = {
	};
	objectVersion = 46;
	objects = {

/* Begin PBXBuildFile section */
		BBF072B91C842E6E009B96A8 /* main.m in Sources */ = {isa = PBXBuildFile; fileRef = BBF072B81C842E6E009B96A8 /* main.m */; };
		BBF072BC1C842E6E009B96A8 /* AppDelegate.m in Sources */ = {isa = PBXBuildFile; fileRef = BBF072BB1C842E6E009B96A8 /* AppDelegate.m */; };
		BBF072C21C842E6E009B96A8 /* Main.storyboard in Resources */ = {isa = PBXBuildFile; fileRef = BBF072C01C842E6E009B96A8 /* Main.storyboard */; };
		BBF072C41C842E6E009B96A8 /* Assets.xcassets in Resources */ = {isa = PBXBuildFile; fileRef = BBF072C31C842E6E009B96A8 /* Assets.xcassets */; };
		BBF072C71C842E6E009B96A8 /* LaunchScreen.storyboard in Resources */ = {isa = PBXBuildFile; fileRef = BBF072C51C842E6E009B96A8 /* LaunchScreen.storyboard */; };
		BBF072D21C842E6E009B96A8 /* ConcurrentQueuesTests.m in Sources */ = {isa = PBXBuildFile; fileRef = BBF072D11C842E6E009B96A8 /* ConcurrentQueuesTests.m */; };
		BBF072DD1C842E6F009B96A8 /* ConcurrentQueuesUITests.m in Sources */ = {isa = PBXBuildFile; fileRef = BBF072DC1C842E6F009B96A8 /* ConcurrentQueuesUITests.m */; };
		BBF072EC1C843426009B96A8 /* RootViewController.m in Sources */ = {isa = PBXBuildFile; fileRef = BBF072EB1C843426009B96A8 /* RootViewController.m */; settings = {ASSET_TAGS = (); }; };
/* End PBXBuildFile section */

/* Begin PBXContainerItemProxy section */
		BBF072CE1C842E6E009B96A8 /* PBXContainerItemProxy */ = {
			isa = PBXContainerItemProxy;
			containerPortal = BBF072AC1C842E6E009B96A8 /* Project object */;
			proxyType = 1;
			remoteGlobalIDString = BBF072B31C842E6E009B96A8;
			remoteInfo = ConcurrentQueues;
		};
		BBF072D91C842E6F009B96A8 /* PBXContainerItemProxy */ = {
			isa = PBXContainerItemProxy;
			containerPortal = BBF072AC1C842E6E009B96A8 /* Project object */;
			proxyType = 1;
			remoteGlobalIDString = BBF072B31C842E6E009B96A8;
			remoteInfo = ConcurrentQueues;
		};
/* End PBXContainerItemProxy section */

/* Begin PBXFileReference section */
		BBF072B41C842E6E009B96A8 /* ConcurrentQueues.app */ = {isa = PBXFileReference; explicitFileType = wrapper.application; includeInIndex = 0; path = ConcurrentQueues.app; sourceTree = BUILT_PRODUCTS_DIR; };
		BBF072B81C842E6E009B96A8 /* main.m */ = {isa = PBXFileReference; lastKnownFileType = sourcecode.c.objc; path = main.m; sourceTree = "<group>"; };
		BBF072BA1C842E6E009B96A8 /* AppDelegate.h */ = {isa = PBXFileReference; lastKnownFileType = sourcecode.c.h; path = AppDelegate.h; sourceTree = "<group>"; };
		BBF072BB1C842E6E009B96A8 /* AppDelegate.m */ = {isa = PBXFileReference; lastKnownFileType = sourcecode.c.objc; path = AppDelegate.m; sourceTree = "<group>"; };
		BBF072C11C842E6E009B96A8 /* Base */ = {isa = PBXFileReference; lastKnownFileType = file.storyboard; name = Base; path = Base.lproj/Main.storyboard; sourceTree = "<group>"; };
		BBF072C31C842E6E009B96A8 /* Assets.xcassets */ = {isa = PBXFileReference; lastKnownFileType = folder.assetcatalog; path = Assets.xcassets; sourceTree = "<group>"; };
		BBF072C61C842E6E009B96A8 /* Base */ = {isa = PBXFileReference; lastKnownFileType = file.storyboard; name = Base; path = Base.lproj/LaunchScreen.storyboard; sourceTree = "<group>"; };
		BBF072C81C842E6E009B96A8 /* Info.plist */ = {isa = PBXFileReference; lastKnownFileType = text.plist.xml; path = Info.plist; sourceTree = "<group>"; };
		BBF072CD1C842E6E009B96A8 /* ConcurrentQueuesTests.xctest */ = {isa = PBXFileReference; explicitFileType = wrapper.cfbundle; includeInIndex = 0; path = ConcurrentQueuesTests.xctest; sourceTree = BUILT_PRODUCTS_DIR; };
		BBF072D11C842E6E009B96A8 /* ConcurrentQueuesTests.m */ = {isa = PBXFileReference; lastKnownFileType = sourcecode.c.objc; path = ConcurrentQueuesTests.m; sourceTree = "<group>"; };
		BBF072D31C842E6E009B96A8 /* Info.plist */ = {isa = PBXFileReference; lastKnownFileType = text.plist.xml; path = Info.plist; sourceTree = "<group>"; };
		BBF072D81C842E6F009B96A8 /* ConcurrentQueuesUITests.xctest */ = {isa = PBXFileReference; explicitFileType = wrapper.cfbundle; includeInIndex = 0; path = ConcurrentQueuesUITests.xctest; sourceTree = BUILT_PRODUCTS_DIR; };
		BBF072DC1C842E6F009B96A8 /* ConcurrentQueuesUITests.m */ = {isa = PBXFileReference; lastKnownFileType = sourcecode.c.objc; path = ConcurrentQueuesUITests.m; sourceTree = "<group>"; };
		BBF072DE1C842E6F009B96A8 /* Info.plist */ = {isa = PBXFileReference; lastKnownFileType = text.plist.xml; path = Info.plist; sourceTree = "<group>"; };
		BBF072EA1C843425009B96A8 /* RootViewController.h */ = {isa = PBXFileReference; fileEncoding = 4; lastKnownFileType = sourcecode.c.h; path = RootViewController.h; sourceTree = "<group>"; };
		BBF072EB1C843426009B96A8 /* RootViewController.m */ = {isa = PBXFileReference; fileEncoding = 4; lastKnownFileType = sourcecode.c.objc; path = RootViewController.m; sourceTree = "<group>"; };
/* End PBXFileReference section */

/* Begin PBXFrameworksBuildPhase section */
		BBF072B11C842E6E009B96A8 /* Frameworks */ = {
			isa = PBXFrameworksBuildPhase;
			buildActionMask = 2147483647;
			files = (
			);
			runOnlyForDeploymentPostprocessing = 0;
		};
		BBF072CA1C842E6E009B96A8 /* Frameworks */ = {
			isa = PBXFrameworksBuildPhase;
			buildActionMask = 2147483647;
			files = (
			);
			runOnlyForDeploymentPostprocessing = 0;
		};
		BBF072D51C842E6E009B96A8 /* Frameworks */ = {
			isa = PBXFrameworksBuildPhase;
			buildActionMask = 2147483647;
			files = (
			);
			runOnlyForDeploymentPostprocessing = 0;
		};
/* End PBXFrameworksBuildPhase section */

/* Begin PBXGroup section */
		BBF072AB1C842E6D009B96A8 = {
			isa = PBXGroup;
			children = (
				BBF072B61C842E6E009B96A8 /* ConcurrentQueues */,
				BBF072D01C842E6E009B96A8 /* ConcurrentQueuesTests */,
				BBF072DB1C842E6F009B96A8 /* ConcurrentQueuesUITests */,
				BBF072B51C842E6E009B96A8 /* Products */,
			);
			sourceTree = "<group>";
		};
		BBF072B51C842E6E009B96A8 /* Products */ = {
			isa = PBXGroup;
			children = (
				BBF072B41C842E6E009B96A8 /* ConcurrentQueues.app */,
				BBF072CD1C842E6E009B96A8 /* ConcurrentQueuesTests.xctest */,
				BBF072D81C842E6F009B96A8 /* ConcurrentQueuesUITests.xctest */,
			);
			name = Products;
			sourceTree = "<group>";
		};
		BBF072B61C842E6E009B96A8 /* ConcurrentQueues */ = {
			isa = PBXGroup;
			children = (
				BBF072BA1C842E6E009B96A8 /* AppDelegate.h */,
				BBF072BB1C842E6E009B96A8 /* AppDelegate.m */,
				BBF072EA1C843425009B96A8 /* RootViewController.h */,
				BBF072EB1C843426009B96A8 /* RootViewController.m */,
				BBF072C01C842E6E009B96A8 /* Main.storyboard */,
				BBF072C31C842E6E009B96A8 /* Assets.xcassets */,
				BBF072C51C842E6E009B96A8 /* LaunchScreen.storyboard */,
				BBF072C81C842E6E009B96A8 /* Info.plist */,
				BBF072B71C842E6E009B96A8 /* Supporting Files */,
			);
			path = ConcurrentQueues;
			sourceTree = "<group>";
		};
		BBF072B71C842E6E009B96A8 /* Supporting Files */ = {
			isa = PBXGroup;
			children = (
				BBF072B81C842E6E009B96A8 /* main.m */,
			);
			name = "Supporting Files";
			sourceTree = "<group>";
		};
		BBF072D01C842E6E009B96A8 /* ConcurrentQueuesTests */ = {
			isa = PBXGroup;
			children = (
				BBF072D11C842E6E009B96A8 /* ConcurrentQueuesTests.m */,
				BBF072D31C842E6E009B96A8 /* Info.plist */,
			);
			path = ConcurrentQueuesTests;
			sourceTree = "<group>";
		};
		BBF072DB1C842E6F009B96A8 /* ConcurrentQueuesUITests */ = {
			isa = PBXGroup;
			children = (
				BBF072DC1C842E6F009B96A8 /* ConcurrentQueuesUITests.m */,
				BBF072DE1C842E6F009B96A8 /* Info.plist */,
			);
			path = ConcurrentQueuesUITests;
			sourceTree = "<group>";
		};
/* End PBXGroup section */

/* Begin PBXNativeTarget section */
		BBF072B31C842E6E009B96A8 /* ConcurrentQueues */ = {
			isa = PBXNativeTarget;
			buildConfigurationList = BBF072E11C842E6F009B96A8 /* Build configuration list for PBXNativeTarget "ConcurrentQueues" */;
			buildPhases = (
				BBF072B01C842E6E009B96A8 /* Sources */,
				BBF072B11C842E6E009B96A8 /* Frameworks */,
				BBF072B21C842E6E009B96A8 /* Resources */,
			);
			buildRules = (
			);
			dependencies = (
			);
			name = ConcurrentQueues;
			productName = ConcurrentQueues;
			productReference = BBF072B41C842E6E009B96A8 /* ConcurrentQueues.app */;
			productType = "com.apple.product-type.application";
		};
		BBF072CC1C842E6E009B96A8 /* ConcurrentQueuesTests */ = {
			isa = PBXNativeTarget;
			buildConfigurationList = BBF072E41C842E6F009B96A8 /* Build configuration list for PBXNativeTarget "ConcurrentQueuesTests" */;
			buildPhases = (
				BBF072C91C842E6E009B96A8 /* Sources */,
				BBF072CA1C842E6E009B96A8 /* Frameworks */,
				BBF072CB1C842E6E009B96A8 /* Resources */,
			);
			buildRules = (
			);
			dependencies = (
				BBF072CF1C842E6E009B96A8 /* PBXTargetDependency */,
			);
			name = ConcurrentQueuesTests;
			productName = ConcurrentQueuesTests;
			productReference = BBF072CD1C842E6E009B96A8 /* ConcurrentQueuesTests.xctest */;
			productType = "com.apple.product-type.bundle.unit-test";
		};
		BBF072D71C842E6E009B96A8 /* ConcurrentQueuesUITests */ = {
			isa = PBXNativeTarget;
			buildConfigurationList = BBF072E71C842E6F009B96A8 /* Build configuration list for PBXNativeTarget "ConcurrentQueuesUITests" */;
			buildPhases = (
				BBF072D41C842E6E009B96A8 /* Sources */,
				BBF072D51C842E6E009B96A8 /* Frameworks */,
				BBF072D61C842E6E009B96A8 /* Resources */,
			);
			buildRules = (
			);
			dependencies = (
				BBF072DA1C842E6F009B96A8 /* PBXTargetDependency */,
			);
			name = ConcurrentQueuesUITests;
			productName = ConcurrentQueuesUITests;
			productReference = BBF072D81C842E6F009B96A8 /* ConcurrentQueuesUITests.xctest */;
			productType = "com.apple.product-type.bundle.ui-testing";
		};
/* End PBXNativeTarget section */

/* Begin PBXProject section */
		BBF072AC1C842E6E009B96A8 /* Project object */ = {
			isa = PBXProject;
			attributes = {
				LastUpgradeCheck = 0700;
				ORGANIZATIONNAME = baofoo;
				TargetAttributes = {
					BBF072B31C842E6E009B96A8 = {
						CreatedOnToolsVersion = 7.0.1;
					};
					BBF072CC1C842E6E009B96A8 = {
						CreatedOnToolsVersion = 7.0.1;
						TestTargetID = BBF072B31C842E6E009B96A8;
					};
					BBF072D71C842E6E009B96A8 = {
						CreatedOnToolsVersion = 7.0.1;
						TestTargetID = BBF072B31C842E6E009B96A8;
					};
				};
			};
			buildConfigurationList = BBF072AF1C842E6E009B96A8 /* Build configuration list for PBXProject "ConcurrentQueues" */;
			compatibilityVersion = "Xcode 3.2";
			developmentRegion = English;
			hasScannedForEncodings = 0;
			knownRegions = (
				en,
				Base,
			);
			mainGroup = BBF072AB1C842E6D009B96A8;
			productRefGroup = BBF072B51C842E6E009B96A8 /* Products */;
			projectDirPath = "";
			projectRoot = "";
			targets = (
				BBF072B31C842E6E009B96A8 /* ConcurrentQueues */,
				BBF072CC1C842E6E009B96A8 /* ConcurrentQueuesTests */,
				BBF072D71C842E6E009B96A8 /* ConcurrentQueuesUITests */,
			);
		};
/* End PBXProject section */

/* Begin PBXResourcesBuildPhase section */
		BBF072B21C842E6E009B96A8 /* Resources */ = {
			isa = PBXResourcesBuildPhase;
			buildActionMask = 2147483647;
			files = (
				BBF072C71C842E6E009B96A8 /* LaunchScreen.storyboard in Resources */,
				BBF072C41C842E6E009B96A8 /* Assets.xcassets in Resources */,
				BBF072C21C842E6E009B96A8 /* Main.storyboard in Resources */,
			);
			runOnlyForDeploymentPostprocessing = 0;
		};
		BBF072CB1C842E6E009B96A8 /* Resources */ = {
			isa = PBXResourcesBuildPhase;
			buildActionMask = 2147483647;
			files = (
			);
			runOnlyForDeploymentPostprocessing = 0;
		};
		BBF072D61C842E6E009B96A8 /* Resources */ = {
			isa = PBXResourcesBuildPhase;
			buildActionMask = 2147483647;
			files = (
			);
			runOnlyForDeploymentPostprocessing = 0;
		};
/* End PBXResourcesBuildPhase section */

/* Begin PBXSourcesBuildPhase section */
		BBF072B01C842E6E009B96A8 /* Sources */ = {
			isa = PBXSourcesBuildPhase;
			buildActionMask = 2147483647;
			files = (
				BBF072BC1C842E6E009B96A8 /* AppDelegate.m in Sources */,
				BBF072B91C842E6E009B96A8 /* main.m in Sources */,
				BBF072EC1C843426009B96A8 /* RootViewController.m in Sources */,
			);
			runOnlyForDeploymentPostprocessing = 0;
		};
		BBF072C91C842E6E009B96A8 /* Sources */ = {
			isa = PBXSourcesBuildPhase;
			buildActionMask = 2147483647;
			files = (
				BBF072D21C842E6E009B96A8 /* ConcurrentQueuesTests.m in Sources */,
			);
			runOnlyForDeploymentPostprocessing = 0;
		};
		BBF072D41C842E6E009B96A8 /* Sources */ = {
			isa = PBXSourcesBuildPhase;
			buildActionMask = 2147483647;
			files = (
				BBF072DD1C842E6F009B96A8 /* ConcurrentQueuesUITests.m in Sources */,
			);
			runOnlyForDeploymentPostprocessing = 0;
		};
/* End PBXSourcesBuildPhase section */

/* Begin PBXTargetDependency section */
		BBF072CF1C842E6E009B96A8 /* PBXTargetDependency */ = {
			isa = PBXTargetDependency;
			target = BBF072B31C842E6E009B96A8 /* ConcurrentQueues */;
			targetProxy = BBF072CE1C842E6E009B96A8 /* PBXContainerItemProxy */;
		};
		BBF072DA1C842E6F009B96A8 /* PBXTargetDependency */ = {
			isa = PBXTargetDependency;
			target = BBF072B31C842E6E009B96A8 /* ConcurrentQueues */;
			targetProxy = BBF072D91C842E6F009B96A8 /* PBXContainerItemProxy */;
		};
/* End PBXTargetDependency section */

/* Begin PBXVariantGroup section */
		BBF072C01C842E6E009B96A8 /* Main.storyboard */ = {
			isa = PBXVariantGroup;
			children = (
				BBF072C11C842E6E009B96A8 /* Base */,
			);
			name = Main.storyboard;
			sourceTree = "<group>";
		};
		BBF072C51C842E6E009B96A8 /* LaunchScreen.storyboard */ = {
			isa = PBXVariantGroup;
			children = (
				BBF072C61C842E6E009B96A8 /* Base */,
			);
			name = LaunchScreen.storyboard;
			sourceTree = "<group>";
		};
/* End PBXVariantGroup section */

/* Begin XCBuildConfiguration section */
		BBF072DF1C842E6F009B96A8 /* Debug */ = {
			isa = XCBuildConfiguration;
			buildSettings = {
				ALWAYS_SEARCH_USER_PATHS = NO;
				CLANG_CXX_LANGUAGE_STANDARD = "gnu++0x";
				CLANG_CXX_LIBRARY = "libc++";
				CLANG_ENABLE_MODULES = YES;
				CLANG_ENABLE_OBJC_ARC = YES;
				CLANG_WARN_BOOL_CONVERSION = YES;
				CLANG_WARN_CONSTANT_CONVERSION = YES;
				CLANG_WARN_DIRECT_OBJC_ISA_USAGE = YES_ERROR;
				CLANG_WARN_EMPTY_BODY = YES;
				CLANG_WARN_ENUM_CONVERSION = YES;
				CLANG_WARN_INT_CONVERSION = YES;
				CLANG_WARN_OBJC_ROOT_CLASS = YES_ERROR;
				CLANG_WARN_UNREACHABLE_CODE = YES;
				CLANG_WARN__DUPLICATE_METHOD_MATCH = YES;
				"CODE_SIGN_IDENTITY[sdk=iphoneos*]" = "iPhone Developer";
				COPY_PHASE_STRIP = NO;
				DEBUG_INFORMATION_FORMAT = dwarf;
				ENABLE_STRICT_OBJC_MSGSEND = YES;
				ENABLE_TESTABILITY = YES;
				GCC_C_LANGUAGE_STANDARD = gnu99;
				GCC_DYNAMIC_NO_PIC = NO;
				GCC_NO_COMMON_BLOCKS = YES;
				GCC_OPTIMIZATION_LEVEL = 0;
				GCC_PREPROCESSOR_DEFINITIONS = (
					"DEBUG=1",
					"$(inherited)",
				);
				GCC_WARN_64_TO_32_BIT_CONVERSION = YES;
				GCC_WARN_ABOUT_RETURN_TYPE = YES_ERROR;
				GCC_WARN_UNDECLARED_SELECTOR = YES;
				GCC_WARN_UNINITIALIZED_AUTOS = YES_AGGRESSIVE;
				GCC_WARN_UNUSED_FUNCTION = YES;
				GCC_WARN_UNUSED_VARIABLE = YES;
				IPHONEOS_DEPLOYMENT_TARGET = 9.0;
				MTL_ENABLE_DEBUG_INFO = YES;
				ONLY_ACTIVE_ARCH = YES;
				SDKROOT = iphoneos;
				TARGETED_DEVICE_FAMILY = "1,2";
			};
			name = Debug;
		};
		BBF072E01C842E6F009B96A8 /* Release */ = {
			isa = XCBuildConfiguration;
			buildSettings = {
				ALWAYS_SEARCH_USER_PATHS = NO;
				CLANG_CXX_LANGUAGE_STANDARD = "gnu++0x";
				CLANG_CXX_LIBRARY = "libc++";
				CLANG_ENABLE_MODULES = YES;
				CLANG_ENABLE_OBJC_ARC = YES;
				CLANG_WARN_BOOL_CONVERSION = YES;
				CLANG_WARN_CONSTANT_CONVERSION = YES;
				CLANG_WARN_DIRECT_OBJC_ISA_USAGE = YES_ERROR;
				CLANG_WARN_EMPTY_BODY = YES;
				CLANG_WARN_ENUM_CONVERSION = YES;
				CLANG_WARN_INT_CONVERSION = YES;
				CLANG_WARN_OBJC_ROOT_CLASS = YES_ERROR;
				CLANG_WARN_UNREACHABLE_CODE = YES;
				CLANG_WARN__DUPLICATE_METHOD_MATCH = YES;
				"CODE_SIGN_IDENTITY[sdk=iphoneos*]" = "iPhone Developer";
				COPY_PHASE_STRIP = NO;
				DEBUG_INFORMATION_FORMAT = "dwarf-with-dsym";
				ENABLE_NS_ASSERTIONS = NO;
				ENABLE_STRICT_OBJC_MSGSEND = YES;
				GCC_C_LANGUAGE_STANDARD = gnu99;
				GCC_NO_COMMON_BLOCKS = YES;
				GCC_WARN_64_TO_32_BIT_CONVERSION = YES;
				GCC_WARN_ABOUT_RETURN_TYPE = YES_ERROR;
				GCC_WARN_UNDECLARED_SELECTOR = YES;
				GCC_WARN_UNINITIALIZED_AUTOS = YES_AGGRESSIVE;
				GCC_WARN_UNUSED_FUNCTION = YES;
				GCC_WARN_UNUSED_VARIABLE = YES;
				IPHONEOS_DEPLOYMENT_TARGET = 9.0;
				MTL_ENABLE_DEBUG_INFO = NO;
				SDKROOT = iphoneos;
				TARGETED_DEVICE_FAMILY = "1,2";
				VALIDATE_PRODUCT = YES;
			};
			name = Release;
		};
		BBF072E21C842E6F009B96A8 /* Debug */ = {
			isa = XCBuildConfiguration;
			buildSettings = {
				ASSETCATALOG_COMPILER_APPICON_NAME = AppIcon;
				INFOPLIST_FILE = ConcurrentQueues/Info.plist;
				IPHONEOS_DEPLOYMENT_TARGET = 8.0;
				LD_RUNPATH_SEARCH_PATHS = "$(inherited) @executable_path/Frameworks";
				PRODUCT_BUNDLE_IDENTIFIER = as.ConcurrentQueues;
				PRODUCT_NAME = "$(TARGET_NAME)";
			};
			name = Debug;
		};
		BBF072E31C842E6F009B96A8 /* Release */ = {
			isa = XCBuildConfiguration;
			buildSettings = {
				ASSETCATALOG_COMPILER_APPICON_NAME = AppIcon;
				INFOPLIST_FILE = ConcurrentQueues/Info.plist;
				IPHONEOS_DEPLOYMENT_TARGET = 8.0;
				LD_RUNPATH_SEARCH_PATHS = "$(inherited) @executable_path/Frameworks";
				PRODUCT_BUNDLE_IDENTIFIER = as.ConcurrentQueues;
				PRODUCT_NAME = "$(TARGET_NAME)";
			};
			name = Release;
		};
		BBF072E51C842E6F009B96A8 /* Debug */ = {
			isa = XCBuildConfiguration;
			buildSettings = {
				BUNDLE_LOADER = "$(TEST_HOST)";
				INFOPLIST_FILE = ConcurrentQueuesTests/Info.plist;
				LD_RUNPATH_SEARCH_PATHS = "$(inherited) @executable_path/Frameworks @loader_path/Frameworks";
				PRODUCT_BUNDLE_IDENTIFIER = as.ConcurrentQueuesTests;
				PRODUCT_NAME = "$(TARGET_NAME)";
				TEST_HOST = "$(BUILT_PRODUCTS_DIR)/ConcurrentQueues.app/ConcurrentQueues";
			};
			name = Debug;
		};
		BBF072E61C842E6F009B96A8 /* Release */ = {
			isa = XCBuildConfiguration;
			buildSettings = {
				BUNDLE_LOADER = "$(TEST_HOST)";
				INFOPLIST_FILE = ConcurrentQueuesTests/Info.plist;
				LD_RUNPATH_SEARCH_PATHS = "$(inherited) @executable_path/Frameworks @loader_path/Frameworks";
				PRODUCT_BUNDLE_IDENTIFIER = as.ConcurrentQueuesTests;
				PRODUCT_NAME = "$(TARGET_NAME)";
				TEST_HOST = "$(BUILT_PRODUCTS_DIR)/ConcurrentQueues.app/ConcurrentQueues";
			};
			name = Release;
		};
		BBF072E81C842E6F009B96A8 /* Debug */ = {
			isa = XCBuildConfiguration;
			buildSettings = {
				INFOPLIST_FILE = ConcurrentQueuesUITests/Info.plist;
				LD_RUNPATH_SEARCH_PATHS = "$(inherited) @executable_path/Frameworks @loader_path/Frameworks";
				PRODUCT_BUNDLE_IDENTIFIER = as.ConcurrentQueuesUITests;
				PRODUCT_NAME = "$(TARGET_NAME)";
				TEST_TARGET_NAME = ConcurrentQueues;
				USES_XCTRUNNER = YES;
			};
			name = Debug;
		};
		BBF072E91C842E6F009B96A8 /* Release */ = {
			isa = XCBuildConfiguration;
			buildSettings = {
				INFOPLIST_FILE = ConcurrentQueuesUITests/Info.plist;
				LD_RUNPATH_SEARCH_PATHS = "$(inherited) @executable_path/Frameworks @loader_path/Frameworks";
				PRODUCT_BUNDLE_IDENTIFIER = as.ConcurrentQueuesUITests;
				PRODUCT_NAME = "$(TARGET_NAME)";
				TEST_TARGET_NAME = ConcurrentQueues;
				USES_XCTRUNNER = YES;
			};
			name = Release;
		};
/* End XCBuildConfiguration section */

/* Begin XCConfigurationList section */
		BBF072AF1C842E6E009B96A8 /* Build configuration list for PBXProject "ConcurrentQueues" */ = {
			isa = XCConfigurationList;
			buildConfigurations = (
				BBF072DF1C842E6F009B96A8 /* Debug */,
				BBF072E01C842E6F009B96A8 /* Release */,
			);
			defaultConfigurationIsVisible = 0;
			defaultConfigurationName = Release;
		};
		BBF072E11C842E6F009B96A8 /* Build configuration list for PBXNativeTarget "ConcurrentQueues" */ = {
			isa = XCConfigurationList;
			buildConfigurations = (
				BBF072E21C842E6F009B96A8 /* Debug */,
				BBF072E31C842E6F009B96A8 /* Release */,
			);
			defaultConfigurationIsVisible = 0;
		};
		BBF072E41C842E6F009B96A8 /* Build configuration list for PBXNativeTarget "ConcurrentQueuesTests" */ = {
			isa = XCConfigurationList;
			buildConfigurations = (
				BBF072E51C842E6F009B96A8 /* Debug */,
				BBF072E61C842E6F009B96A8 /* Release */,
			);
			defaultConfigurationIsVisible = 0;
		};
		BBF072E71C842E6F009B96A8 /* Build configuration list for PBXNativeTarget "ConcurrentQueuesUITests" */ = {
			isa = XCConfigurationList;
			buildConfigurations = (
				BBF072E81C842E6F009B96A8 /* Debug */,
				BBF072E91C842E6F009B96A8 /* Release */,
			);
			defaultConfigurationIsVisible = 0;
		};
/* End XCConfigurationList section */
	};
	rootObject = BBF072AC1C842E6E009B96A8 /* Project object */;
}
